
Microsoft Visual Studio Solution File, Format Version 12.00
# Visual Studio Version 16
VisualStudioVersion = 16.0.30611.23
MinimumVisualStudioVersion = 10.0.40219.1
Project("{FAE04EC0-301F-11D3-BF4B-00C04F79EFBC}") = "MultiUserHeat", "MultiUserHeat\MultiUserHeat.csproj", "{BBFD60BA-6CC3-4ACF-A82E-81C43C13E398}"
EndProject
Project("{FAE04EC0-301F-11D3-BF4B-00C04F79EFBC}") = "MultiUserHeat.Example", "MultiUserHeat.Example\MultiUserHeat.Example.csproj", "{4DAE8416-E500-40C0-BF36-B50C838A0F4E}"
EndProject
Global
	GlobalSection(SolutionConfigurationPlatforms) = preSolution
		Debug|Any CPU = Debug|Any CPU
		Release|Any CPU = Release|Any CPU
	EndGlobalSection
	GlobalSection(ProjectConfigurationPlatforms) = postSolution
		{BBFD60BA-6CC3-4ACF-A82E-81C43C13E398}.Debug|Any CPU.ActiveCfg = Debug|Any CPU
		{BBFD60BA-6CC3-4ACF-A82E-81C43C13E398}.Debug|Any CPU.Build.0 = Debug|Any CPU
		{BBFD60BA-6CC3-4ACF-A82E-81C43C13E398}.Release|Any CPU.ActiveCfg = Release|Any CPU
		{BBFD60BA-6CC3-4ACF-A82E-81C43C13E398}.Release|Any CPU.Build.0 = Release|Any CPU
		{4DAE8416-E500-40C0-BF36-B50C838A0F4E}.Debug|Any CPU.ActiveCfg = Debug|Any CPU
		{4DAE8416-E500-40C0-BF36-B50C838A0F4E}.Debug|Any CPU.Build.0 = Debug|Any CPU
		{4DAE8416-E500-40C0-BF36-B50C838A0F4E}.Release|Any CPU.ActiveCfg = Release|Any CPU
		{4DAE8416-E500-40C0-BF36-B50C838A0F4E}.Release|Any CPU.Build.0 = Release|Any CPU
	EndGlobalSection
	GlobalSection(SolutionProperties) = preSolution
		HideSolutionNode = FALSE
	EndGlobalSection
	GlobalSection(ExtensibilityGlobals) = postSolution
		SolutionGuid = {E5695D8B-D4C5-46D3-9087-F6919789F0EE}
	EndGlobalSection
EndGlobal
